# This file is automatically @generated by Poetry 1.8.2 and should not be changed by hand.

[[package]]
name = "neo4j"
version = "5.28.1"
description = "Neo4j Bolt driver for Python"
optional = false
python-versions = ">=3.7"
files = [
    { file = "neo4j-5.28.1-py3-none-any.whl", hash = "sha256:6755ef9e5f4e14b403aef1138fb6315b120631a0075c138b5ddb2a06b87b09fd" },
    { file = "neo4j-5.28.1.tar.gz", hash = "sha256:ae8e37a1d895099062c75bc359b2cce62099baac7be768d0eba7180c1298e214" },
]

[package.dependencies]
pytz = "*"

[package.extras]
numpy = ["numpy (>=1.7.0,<3.0.0)"]
pandas = ["numpy (>=1.7.0,<3.0.0)", "pandas (>=1.1.0,<3.0.0)"]
pyarrow = ["pyarrow (>=1.0.0)"]

[[package]]
name = "pytz"
version = "2025.2"
description = "World timezone definitions, modern and historical"
optional = false
python-versions = "*"
files = [
    { file = "pytz-2025.2-py2.py3-none-any.whl", hash = "sha256:5ddf76296dd8c44c26eb8f4b6f35488f3ccbf6fbbd7adee0b7262d43f0ec2f00" },
    { file = "pytz-2025.2.tar.gz", hash = "sha256:360b9e3dbb49a209c21ad61809c7fb453643e048b38924c765813546746e81c3" },
]

[metadata]
lock-version = "2.0"
python-versions = "^3.12"
content-hash = "6592c4835d9d62f632fb1a52c9677949e86ccd33d57c626fc3244586824c9e7f"
